
Microsoft Visual Studio Solution File, Format Version 12.00
# Visual Studio Version 17
VisualStudioVersion = 17.1.32421.90
MinimumVisualStudioVersion = 10.0.40219.1
Project("{9A19103F-16F7-4668-BE54-9A1E7A4F7556}") = "GritZ3", "GritZ3\GritZ3.csproj", "{46C756A7-5128-410B-9C36-E7BE751BBB85}"
	ProjectSection(ProjectDependencies) = postProject
		{E4062E0F-7852-4397-8523-7E07F1696900} = {E4062E0F-7852-4397-8523-7E07F1696900}
		{91E8859F-D008-43D0-9A13-7841E7C1CB8F} = {91E8859F-D008-43D0-9A13-7841E7C1CB8F}
	EndProjectSection
EndProject
Project("{9A19103F-16F7-4668-BE54-9A1E7A4F7556}") = "GrToolBox", "GrToolBox\GrToolBox.csproj", "{91E8859F-D008-43D0-9A13-7841E7C1CB8F}"
EndProject
Project("{9A19103F-16F7-4668-BE54-9A1E7A4F7556}") = "LeafletOnBlazor", "LeafletOnBlazor\LeafletOnBlazor.csproj", "{E4062E0F-7852-4397-8523-7E07F1696900}"
EndProject
Project("{2150E333-8FDC-42A3-9474-1A3956D46DE8}") = "Examples", "Examples", "{DBB37130-33CC-40F4-A78F-E53E9D886C4F}"
EndProject
Project("{9A19103F-16F7-4668-BE54-9A1E7A4F7556}") = "ConsoleApp1", "ConsoleApp1\ConsoleApp1.csproj", "{0482B68D-BB66-457C-8C23-95B84278298A}"
EndProject
Project("{9A19103F-16F7-4668-BE54-9A1E7A4F7556}") = "ConsoleApp2", "ConsoleApp2\ConsoleApp2.csproj", "{C5642CE1-10CD-47BD-8A1F-E37E5AD5BF3D}"
EndProject
Project("{9A19103F-16F7-4668-BE54-9A1E7A4F7556}") = "ConsoleApp3", "ConsoleApp3\ConsoleApp3.csproj", "{D9333D71-B49F-475F-8254-1FAD8DBAE32E}"
EndProject
Project("{9A19103F-16F7-4668-BE54-9A1E7A4F7556}") = "ConsoleApp4", "ConsoleApp4\ConsoleApp4.csproj", "{3E8F391E-394C-448E-A068-3FB1FF8A1192}"
EndProject
Project("{9A19103F-16F7-4668-BE54-9A1E7A4F7556}") = "ConsoleApp5", "ConsoleApp5\ConsoleApp5.csproj", "{B3DBB846-6606-40CE-AE20-5389F26939EB}"
EndProject
Project("{9A19103F-16F7-4668-BE54-9A1E7A4F7556}") = "ConsoleApp6", "ConsoleApp6\ConsoleApp6.csproj", "{CB489D74-7863-4A68-B705-34DF2A920CCE}"
EndProject
Project("{9A19103F-16F7-4668-BE54-9A1E7A4F7556}") = "ConsoleApp7", "ConsoleApp7\ConsoleApp7.csproj", "{ABC99199-D2EC-4D15-8382-575540A3660A}"
EndProject
Project("{9A19103F-16F7-4668-BE54-9A1E7A4F7556}") = "ConsoleApp8", "ConsoleApp8\ConsoleApp8.csproj", "{BF06E1D1-34D6-4025-97EF-662115793B40}"
EndProject
Project("{FAE04EC0-301F-11D3-BF4B-00C04F79EFBC}") = "ConsoleApp9", "ConsoleApp9\ConsoleApp9.csproj", "{7C5DA699-3D71-4172-BA98-8B8C5D76C81A}"
	ProjectSection(ProjectDependencies) = postProject
		{91E8859F-D008-43D0-9A13-7841E7C1CB8F} = {91E8859F-D008-43D0-9A13-7841E7C1CB8F}
	EndProjectSection
EndProject
Global
	GlobalSection(SolutionConfigurationPlatforms) = preSolution
		Debug|Any CPU = Debug|Any CPU
		Release|Any CPU = Release|Any CPU
	EndGlobalSection
	GlobalSection(ProjectConfigurationPlatforms) = postSolution
		{46C756A7-5128-410B-9C36-E7BE751BBB85}.Debug|Any CPU.ActiveCfg = Debug|Any CPU
		{46C756A7-5128-410B-9C36-E7BE751BBB85}.Debug|Any CPU.Build.0 = Debug|Any CPU
		{46C756A7-5128-410B-9C36-E7BE751BBB85}.Release|Any CPU.ActiveCfg = Release|Any CPU
		{46C756A7-5128-410B-9C36-E7BE751BBB85}.Release|Any CPU.Build.0 = Release|Any CPU
		{91E8859F-D008-43D0-9A13-7841E7C1CB8F}.Debug|Any CPU.ActiveCfg = Debug|Any CPU
		{91E8859F-D008-43D0-9A13-7841E7C1CB8F}.Debug|Any CPU.Build.0 = Debug|Any CPU
		{91E8859F-D008-43D0-9A13-7841E7C1CB8F}.Release|Any CPU.ActiveCfg = Release|Any CPU
		{91E8859F-D008-43D0-9A13-7841E7C1CB8F}.Release|Any CPU.Build.0 = Release|Any CPU
		{E4062E0F-7852-4397-8523-7E07F1696900}.Debug|Any CPU.ActiveCfg = Debug|Any CPU
		{E4062E0F-7852-4397-8523-7E07F1696900}.Debug|Any CPU.Build.0 = Debug|Any CPU
		{E4062E0F-7852-4397-8523-7E07F1696900}.Release|Any CPU.ActiveCfg = Release|Any CPU
		{E4062E0F-7852-4397-8523-7E07F1696900}.Release|Any CPU.Build.0 = Release|Any CPU
		{0482B68D-BB66-457C-8C23-95B84278298A}.Debug|Any CPU.ActiveCfg = Debug|Any CPU
		{0482B68D-BB66-457C-8C23-95B84278298A}.Debug|Any CPU.Build.0 = Debug|Any CPU
		{0482B68D-BB66-457C-8C23-95B84278298A}.Release|Any CPU.ActiveCfg = Release|Any CPU
		{0482B68D-BB66-457C-8C23-95B84278298A}.Release|Any CPU.Build.0 = Release|Any CPU
		{C5642CE1-10CD-47BD-8A1F-E37E5AD5BF3D}.Debug|Any CPU.ActiveCfg = Debug|Any CPU
		{C5642CE1-10CD-47BD-8A1F-E37E5AD5BF3D}.Debug|Any CPU.Build.0 = Debug|Any CPU
		{C5642CE1-10CD-47BD-8A1F-E37E5AD5BF3D}.Release|Any CPU.ActiveCfg = Release|Any CPU
		{C5642CE1-10CD-47BD-8A1F-E37E5AD5BF3D}.Release|Any CPU.Build.0 = Release|Any CPU
		{D9333D71-B49F-475F-8254-1FAD8DBAE32E}.Debug|Any CPU.ActiveCfg = Debug|Any CPU
		{D9333D71-B49F-475F-8254-1FAD8DBAE32E}.Debug|Any CPU.Build.0 = Debug|Any CPU
		{D9333D71-B49F-475F-8254-1FAD8DBAE32E}.Release|Any CPU.ActiveCfg = Release|Any CPU
		{D9333D71-B49F-475F-8254-1FAD8DBAE32E}.Release|Any CPU.Build.0 = Release|Any CPU
		{3E8F391E-394C-448E-A068-3FB1FF8A1192}.Debug|Any CPU.ActiveCfg = Debug|Any CPU
		{3E8F391E-394C-448E-A068-3FB1FF8A1192}.Debug|Any CPU.Build.0 = Debug|Any CPU
		{3E8F391E-394C-448E-A068-3FB1FF8A1192}.Release|Any CPU.ActiveCfg = Release|Any CPU
		{3E8F391E-394C-448E-A068-3FB1FF8A1192}.Release|Any CPU.Build.0 = Release|Any CPU
		{B3DBB846-6606-40CE-AE20-5389F26939EB}.Debug|Any CPU.ActiveCfg = Debug|Any CPU
		{B3DBB846-6606-40CE-AE20-5389F26939EB}.Debug|Any CPU.Build.0 = Debug|Any CPU
		{B3DBB846-6606-40CE-AE20-5389F26939EB}.Release|Any CPU.ActiveCfg = Release|Any CPU
		{B3DBB846-6606-40CE-AE20-5389F26939EB}.Release|Any CPU.Build.0 = Release|Any CPU
		{CB489D74-7863-4A68-B705-34DF2A920CCE}.Debug|Any CPU.ActiveCfg = Debug|Any CPU
		{CB489D74-7863-4A68-B705-34DF2A920CCE}.Debug|Any CPU.Build.0 = Debug|Any CPU
		{CB489D74-7863-4A68-B705-34DF2A920CCE}.Release|Any CPU.ActiveCfg = Release|Any CPU
		{CB489D74-7863-4A68-B705-34DF2A920CCE}.Release|Any CPU.Build.0 = Release|Any CPU
		{ABC99199-D2EC-4D15-8382-575540A3660A}.Debug|Any CPU.ActiveCfg = Debug|Any CPU
		{ABC99199-D2EC-4D15-8382-575540A3660A}.Debug|Any CPU.Build.0 = Debug|Any CPU
		{ABC99199-D2EC-4D15-8382-575540A3660A}.Release|Any CPU.ActiveCfg = Release|Any CPU
		{ABC99199-D2EC-4D15-8382-575540A3660A}.Release|Any CPU.Build.0 = Release|Any CPU
		{BF06E1D1-34D6-4025-97EF-662115793B40}.Debug|Any CPU.ActiveCfg = Debug|Any CPU
		{BF06E1D1-34D6-4025-97EF-662115793B40}.Debug|Any CPU.Build.0 = Debug|Any CPU
		{BF06E1D1-34D6-4025-97EF-662115793B40}.Release|Any CPU.ActiveCfg = Release|Any CPU
		{BF06E1D1-34D6-4025-97EF-662115793B40}.Release|Any CPU.Build.0 = Release|Any CPU
		{7C5DA699-3D71-4172-BA98-8B8C5D76C81A}.Debug|Any CPU.ActiveCfg = Debug|Any CPU
		{7C5DA699-3D71-4172-BA98-8B8C5D76C81A}.Debug|Any CPU.Build.0 = Debug|Any CPU
		{7C5DA699-3D71-4172-BA98-8B8C5D76C81A}.Release|Any CPU.ActiveCfg = Release|Any CPU
		{7C5DA699-3D71-4172-BA98-8B8C5D76C81A}.Release|Any CPU.Build.0 = Release|Any CPU
	EndGlobalSection
	GlobalSection(SolutionProperties) = preSolution
		HideSolutionNode = FALSE
	EndGlobalSection
	GlobalSection(NestedProjects) = preSolution
		{0482B68D-BB66-457C-8C23-95B84278298A} = {DBB37130-33CC-40F4-A78F-E53E9D886C4F}
		{C5642CE1-10CD-47BD-8A1F-E37E5AD5BF3D} = {DBB37130-33CC-40F4-A78F-E53E9D886C4F}
		{D9333D71-B49F-475F-8254-1FAD8DBAE32E} = {DBB37130-33CC-40F4-A78F-E53E9D886C4F}
		{3E8F391E-394C-448E-A068-3FB1FF8A1192} = {DBB37130-33CC-40F4-A78F-E53E9D886C4F}
		{B3DBB846-6606-40CE-AE20-5389F26939EB} = {DBB37130-33CC-40F4-A78F-E53E9D886C4F}
		{CB489D74-7863-4A68-B705-34DF2A920CCE} = {DBB37130-33CC-40F4-A78F-E53E9D886C4F}
		{ABC99199-D2EC-4D15-8382-575540A3660A} = {DBB37130-33CC-40F4-A78F-E53E9D886C4F}
		{BF06E1D1-34D6-4025-97EF-662115793B40} = {DBB37130-33CC-40F4-A78F-E53E9D886C4F}
		{7C5DA699-3D71-4172-BA98-8B8C5D76C81A} = {DBB37130-33CC-40F4-A78F-E53E9D886C4F}
	EndGlobalSection
	GlobalSection(ExtensibilityGlobals) = postSolution
		SolutionGuid = {E6975DB1-D608-4C87-A552-13D5EB39946A}
	EndGlobalSection
EndGlobal
